// !$*UTF8*$!
{
	archiveVersion = 1;
	classes = {
	};
	objectVersion = 52;
	objects = {

/* Begin PBXBuildFile section */
		C305099C252A310100803F94 /* Modifiers.swift in Sources */ = {isa = PBXBuildFile; fileRef = C305099B252A310100803F94 /* Modifiers.swift */; };
		C30509B5252A36FD00803F94 /* WorkSans-VariableFont_wght.ttf in Resources */ = {isa = PBXBuildFile; fileRef = C305099E252A36FD00803F94 /* WorkSans-VariableFont_wght.ttf */; };
		C30509B6252A36FD00803F94 /* WorkSans-Regular.ttf in Resources */ = {isa = PBXBuildFile; fileRef = C30509A0252A36FD00803F94 /* WorkSans-Regular.ttf */; };
		C30509B7252A36FD00803F94 /* WorkSans-Light.ttf in Resources */ = {isa = PBXBuildFile; fileRef = C30509A1252A36FD00803F94 /* WorkSans-Light.ttf */; };
		C30509B8252A36FD00803F94 /* WorkSans-ExtraBold.ttf in Resources */ = {isa = PBXBuildFile; fileRef = C30509A2252A36FD00803F94 /* WorkSans-ExtraBold.ttf */; };
		C30509B9252A36FD00803F94 /* WorkSans-SemiBoldItalic.ttf in Resources */ = {isa = PBXBuildFile; fileRef = C30509A3252A36FD00803F94 /* WorkSans-SemiBoldItalic.ttf */; };
		C30509BA252A36FD00803F94 /* WorkSans-MediumItalic.ttf in Resources */ = {isa = PBXBuildFile; fileRef = C30509A4252A36FD00803F94 /* WorkSans-MediumItalic.ttf */; };
		C30509BB252A36FD00803F94 /* WorkSans-BoldItalic.ttf in Resources */ = {isa = PBXBuildFile; fileRef = C30509A5252A36FD00803F94 /* WorkSans-BoldItalic.ttf */; };
		C30509BC252A36FD00803F94 /* WorkSans-ExtraLight.ttf in Resources */ = {isa = PBXBuildFile; fileRef = C30509A6252A36FD00803F94 /* WorkSans-ExtraLight.ttf */; };
		C30509BD252A36FD00803F94 /* WorkSans-ThinItalic.ttf in Resources */ = {isa = PBXBuildFile; fileRef = C30509A7252A36FD00803F94 /* WorkSans-ThinItalic.ttf */; };
		C30509BE252A36FD00803F94 /* WorkSans-ExtraLightItalic.ttf in Resources */ = {isa = PBXBuildFile; fileRef = C30509A8252A36FD00803F94 /* WorkSans-ExtraLightItalic.ttf */; };
		C30509BF252A36FD00803F94 /* WorkSans-Medium.ttf in Resources */ = {isa = PBXBuildFile; fileRef = C30509A9252A36FD00803F94 /* WorkSans-Medium.ttf */; };
		C30509C0252A36FD00803F94 /* WorkSans-SemiBold.ttf in Resources */ = {isa = PBXBuildFile; fileRef = C30509AA252A36FD00803F94 /* WorkSans-SemiBold.ttf */; };
		C30509C1252A36FD00803F94 /* WorkSans-Italic.ttf in Resources */ = {isa = PBXBuildFile; fileRef = C30509AB252A36FD00803F94 /* WorkSans-Italic.ttf */; };
		C30509C2252A36FD00803F94 /* WorkSans-BlackItalic.ttf in Resources */ = {isa = PBXBuildFile; fileRef = C30509AC252A36FD00803F94 /* WorkSans-BlackItalic.ttf */; };
		C30509C3252A36FD00803F94 /* WorkSans-Thin.ttf in Resources */ = {isa = PBXBuildFile; fileRef = C30509AD252A36FD00803F94 /* WorkSans-Thin.ttf */; };
		C30509C4252A36FD00803F94 /* WorkSans-Black.ttf in Resources */ = {isa = PBXBuildFile; fileRef = C30509AE252A36FD00803F94 /* WorkSans-Black.ttf */; };
		C30509C5252A36FD00803F94 /* WorkSans-LightItalic.ttf in Resources */ = {isa = PBXBuildFile; fileRef = C30509AF252A36FD00803F94 /* WorkSans-LightItalic.ttf */; };
		C30509C6252A36FD00803F94 /* WorkSans-ExtraBoldItalic.ttf in Resources */ = {isa = PBXBuildFile; fileRef = C30509B0252A36FD00803F94 /* WorkSans-ExtraBoldItalic.ttf */; };
		C30509C7252A36FD00803F94 /* WorkSans-Bold.ttf in Resources */ = {isa = PBXBuildFile; fileRef = C30509B1252A36FD00803F94 /* WorkSans-Bold.ttf */; };
		C30509C8252A36FD00803F94 /* WorkSans-Italic-VariableFont_wght.ttf in Resources */ = {isa = PBXBuildFile; fileRef = C30509B2252A36FD00803F94 /* WorkSans-Italic-VariableFont_wght.ttf */; };
		C30509C9252A36FD00803F94 /* OFL.txt in Resources */ = {isa = PBXBuildFile; fileRef = C30509B3252A36FD00803F94 /* OFL.txt */; };
		C30509CA252A36FD00803F94 /* README.txt in Resources */ = {isa = PBXBuildFile; fileRef = C30509B4252A36FD00803F94 /* README.txt */; };
		C30509CC252A4CC200803F94 /* CourseList.swift in Sources */ = {isa = PBXBuildFile; fileRef = C30509CB252A4CC200803F94 /* CourseList.swift */; };
		C343D3B1252650EE00AA4A17 /* MenuView.swift in Sources */ = {isa = PBXBuildFile; fileRef = C343D3B0252650ED00AA4A17 /* MenuView.swift */; };
		C3492C192530BE1100F4FCC8 /* BlurView.swift in Sources */ = {isa = PBXBuildFile; fileRef = C3492C182530BE1100F4FCC8 /* BlurView.swift */; };
		C3494F8B2527790F00E57721 /* Home.swift in Sources */ = {isa = PBXBuildFile; fileRef = C3494F8A2527790F00E57721 /* Home.swift */; };
		C3494F8D252787FA00E57721 /* HomeView.swift in Sources */ = {isa = PBXBuildFile; fileRef = C3494F8C252787FA00E57721 /* HomeView.swift */; };
		C3494F8F2527A1DA00E57721 /* UpdateList.swift in Sources */ = {isa = PBXBuildFile; fileRef = C3494F8E2527A1DA00E57721 /* UpdateList.swift */; };
		C3494F912527AAB700E57721 /* UpdateDetail.swift in Sources */ = {isa = PBXBuildFile; fileRef = C3494F902527AAB700E57721 /* UpdateDetail.swift */; };
		C34ECDB5252E11BD001AD1FD /* Contentful in Frameworks */ = {isa = PBXBuildFile; productRef = C34ECDB4252E11BD001AD1FD /* Contentful */; };
		C34ECDB7252E1656001AD1FD /* CourseStore.swift in Sources */ = {isa = PBXBuildFile; fileRef = C34ECDB6252E1656001AD1FD /* CourseStore.swift */; };
		C3503F6225336EF200237906 /* LoginView.swift in Sources */ = {isa = PBXBuildFile; fileRef = C3503F6125336EF200237906 /* LoginView.swift */; };
		C350ACE32528CCAA00C603CD /* UpdateStore.swift in Sources */ = {isa = PBXBuildFile; fileRef = C350ACE22528CCAA00C603CD /* UpdateStore.swift */; };
		C350ACE52528DB6200C603CD /* TabBar.swift in Sources */ = {isa = PBXBuildFile; fileRef = C350ACE42528DB6200C603CD /* TabBar.swift */; };
		C354EA0A2532008700E0A3BC /* Buttons.swift in Sources */ = {isa = PBXBuildFile; fileRef = C354EA092532008600E0A3BC /* Buttons.swift */; };
		C364C6C1252CC58500BB4060 /* CourseDetail.swift in Sources */ = {isa = PBXBuildFile; fileRef = C364C6C0252CC58400BB4060 /* CourseDetail.swift */; };
		C364C6C3252CCFDE00BB4060 /* Data.swift in Sources */ = {isa = PBXBuildFile; fileRef = C364C6C2252CCFDE00BB4060 /* Data.swift */; };
		C364C6C5252CD3AE00BB4060 /* PostList.swift in Sources */ = {isa = PBXBuildFile; fileRef = C364C6C4252CD3AE00BB4060 /* PostList.swift */; };
		C3655CBD252A1630002FDA9B /* RingView.swift in Sources */ = {isa = PBXBuildFile; fileRef = C3655CBC252A1630002FDA9B /* RingView.swift */; };
		C38B2B8D2524F7DC00A8C30D /* AppDelegate.swift in Sources */ = {isa = PBXBuildFile; fileRef = C38B2B8C2524F7DC00A8C30D /* AppDelegate.swift */; };
		C38B2B8F2524F7DC00A8C30D /* SceneDelegate.swift in Sources */ = {isa = PBXBuildFile; fileRef = C38B2B8E2524F7DC00A8C30D /* SceneDelegate.swift */; };
		C38B2B912524F7DC00A8C30D /* ContentView.swift in Sources */ = {isa = PBXBuildFile; fileRef = C38B2B902524F7DC00A8C30D /* ContentView.swift */; };
		C38B2B932524F7E000A8C30D /* Assets.xcassets in Resources */ = {isa = PBXBuildFile; fileRef = C38B2B922524F7E000A8C30D /* Assets.xcassets */; };
		C38B2B962524F7E000A8C30D /* Preview Assets.xcassets in Resources */ = {isa = PBXBuildFile; fileRef = C38B2B952524F7E000A8C30D /* Preview Assets.xcassets */; };
		C38B2B992524F7E000A8C30D /* LaunchScreen.storyboard in Resources */ = {isa = PBXBuildFile; fileRef = C38B2B972524F7E000A8C30D /* LaunchScreen.storyboard */; };
		C3AA6F55252CEF4B00FB7D7F /* DataStore.swift in Sources */ = {isa = PBXBuildFile; fileRef = C3AA6F54252CEF4B00FB7D7F /* DataStore.swift */; };
		C3EF25BB252E45F900BDFEE9 /* SDWebImageSwiftUI in Frameworks */ = {isa = PBXBuildFile; productRef = C3EF25BA252E45F900BDFEE9 /* SDWebImageSwiftUI */; };
/* End PBXBuildFile section */

/* Begin PBXFileReference section */
		C305099B252A310100803F94 /* Modifiers.swift */ = {isa = PBXFileReference; lastKnownFileType = sourcecode.swift; path = Modifiers.swift; sourceTree = "<group>"; };
		C305099E252A36FD00803F94 /* WorkSans-VariableFont_wght.ttf */ = {isa = PBXFileReference; lastKnownFileType = file; path = "WorkSans-VariableFont_wght.ttf"; sourceTree = "<group>"; };
		C30509A0252A36FD00803F94 /* WorkSans-Regular.ttf */ = {isa = PBXFileReference; lastKnownFileType = file; path = "WorkSans-Regular.ttf"; sourceTree = "<group>"; };
		C30509A1252A36FD00803F94 /* WorkSans-Light.ttf */ = {isa = PBXFileReference; lastKnownFileType = file; path = "WorkSans-Light.ttf"; sourceTree = "<group>"; };
		C30509A2252A36FD00803F94 /* WorkSans-ExtraBold.ttf */ = {isa = PBXFileReference; lastKnownFileType = file; path = "WorkSans-ExtraBold.ttf"; sourceTree = "<group>"; };
		C30509A3252A36FD00803F94 /* WorkSans-SemiBoldItalic.ttf */ = {isa = PBXFileReference; lastKnownFileType = file; path = "WorkSans-SemiBoldItalic.ttf"; sourceTree = "<group>"; };
		C30509A4252A36FD00803F94 /* WorkSans-MediumItalic.ttf */ = {isa = PBXFileReference; lastKnownFileType = file; path = "WorkSans-MediumItalic.ttf"; sourceTree = "<group>"; };
		C30509A5252A36FD00803F94 /* WorkSans-BoldItalic.ttf */ = {isa = PBXFileReference; lastKnownFileType = file; path = "WorkSans-BoldItalic.ttf"; sourceTree = "<group>"; };
		C30509A6252A36FD00803F94 /* WorkSans-ExtraLight.ttf */ = {isa = PBXFileReference; lastKnownFileType = file; path = "WorkSans-ExtraLight.ttf"; sourceTree = "<group>"; };
		C30509A7252A36FD00803F94 /* WorkSans-ThinItalic.ttf */ = {isa = PBXFileReference; lastKnownFileType = file; path = "WorkSans-ThinItalic.ttf"; sourceTree = "<group>"; };
		C30509A8252A36FD00803F94 /* WorkSans-ExtraLightItalic.ttf */ = {isa = PBXFileReference; lastKnownFileType = file; path = "WorkSans-ExtraLightItalic.ttf"; sourceTree = "<group>"; };
		C30509A9252A36FD00803F94 /* WorkSans-Medium.ttf */ = {isa = PBXFileReference; lastKnownFileType = file; path = "WorkSans-Medium.ttf"; sourceTree = "<group>"; };
		C30509AA252A36FD00803F94 /* WorkSans-SemiBold.ttf */ = {isa = PBXFileReference; lastKnownFileType = file; path = "WorkSans-SemiBold.ttf"; sourceTree = "<group>"; };
		C30509AB252A36FD00803F94 /* WorkSans-Italic.ttf */ = {isa = PBXFileReference; lastKnownFileType = file; path = "WorkSans-Italic.ttf"; sourceTree = "<group>"; };
		C30509AC252A36FD00803F94 /* WorkSans-BlackItalic.ttf */ = {isa = PBXFileReference; lastKnownFileType = file; path = "WorkSans-BlackItalic.ttf"; sourceTree = "<group>"; };
		C30509AD252A36FD00803F94 /* WorkSans-Thin.ttf */ = {isa = PBXFileReference; lastKnownFileType = file; path = "WorkSans-Thin.ttf"; sourceTree = "<group>"; };
		C30509AE252A36FD00803F94 /* WorkSans-Black.ttf */ = {isa = PBXFileReference; lastKnownFileType = file; path = "WorkSans-Black.ttf"; sourceTree = "<group>"; };
		C30509AF252A36FD00803F94 /* WorkSans-LightItalic.ttf */ = {isa = PBXFileReference; lastKnownFileType = file; path = "WorkSans-LightItalic.ttf"; sourceTree = "<group>"; };
		C30509B0252A36FD00803F94 /* WorkSans-ExtraBoldItalic.ttf */ = {isa = PBXFileReference; lastKnownFileType = file; path = "WorkSans-ExtraBoldItalic.ttf"; sourceTree = "<group>"; };
		C30509B1252A36FD00803F94 /* WorkSans-Bold.ttf */ = {isa = PBXFileReference; lastKnownFileType = file; path = "WorkSans-Bold.ttf"; sourceTree = "<group>"; };
		C30509B2252A36FD00803F94 /* WorkSans-Italic-VariableFont_wght.ttf */ = {isa = PBXFileReference; lastKnownFileType = file; path = "WorkSans-Italic-VariableFont_wght.ttf"; sourceTree = "<group>"; };
		C30509B3252A36FD00803F94 /* OFL.txt */ = {isa = PBXFileReference; fileEncoding = 4; lastKnownFileType = text; path = OFL.txt; sourceTree = "<group>"; };
		C30509B4252A36FD00803F94 /* README.txt */ = {isa = PBXFileReference; fileEncoding = 4; lastKnownFileType = text; path = README.txt; sourceTree = "<group>"; };
		C30509CB252A4CC200803F94 /* CourseList.swift */ = {isa = PBXFileReference; lastKnownFileType = sourcecode.swift; path = CourseList.swift; sourceTree = "<group>"; };
		C343D3B0252650ED00AA4A17 /* MenuView.swift */ = {isa = PBXFileReference; lastKnownFileType = sourcecode.swift; path = MenuView.swift; sourceTree = "<group>"; };
		C3492C182530BE1100F4FCC8 /* BlurView.swift */ = {isa = PBXFileReference; lastKnownFileType = sourcecode.swift; path = BlurView.swift; sourceTree = "<group>"; };
		C3494F8A2527790F00E57721 /* Home.swift */ = {isa = PBXFileReference; lastKnownFileType = sourcecode.swift; path = Home.swift; sourceTree = "<group>"; };
		C3494F8C252787FA00E57721 /* HomeView.swift */ = {isa = PBXFileReference; lastKnownFileType = sourcecode.swift; path = HomeView.swift; sourceTree = "<group>"; };
		C3494F8E2527A1DA00E57721 /* UpdateList.swift */ = {isa = PBXFileReference; lastKnownFileType = sourcecode.swift; path = UpdateList.swift; sourceTree = "<group>"; };
		C3494F902527AAB700E57721 /* UpdateDetail.swift */ = {isa = PBXFileReference; lastKnownFileType = sourcecode.swift; path = UpdateDetail.swift; sourceTree = "<group>"; };
		C34ECDB6252E1656001AD1FD /* CourseStore.swift */ = {isa = PBXFileReference; lastKnownFileType = sourcecode.swift; path = CourseStore.swift; sourceTree = "<group>"; };
		C3503F6125336EF200237906 /* LoginView.swift */ = {isa = PBXFileReference; lastKnownFileType = sourcecode.swift; path = LoginView.swift; sourceTree = "<group>"; };
		C350ACE22528CCAA00C603CD /* UpdateStore.swift */ = {isa = PBXFileReference; lastKnownFileType = sourcecode.swift; path = UpdateStore.swift; sourceTree = "<group>"; };
		C350ACE42528DB6200C603CD /* TabBar.swift */ = {isa = PBXFileReference; lastKnownFileType = sourcecode.swift; path = TabBar.swift; sourceTree = "<group>"; };
		C354EA092532008600E0A3BC /* Buttons.swift */ = {isa = PBXFileReference; lastKnownFileType = sourcecode.swift; path = Buttons.swift; sourceTree = "<group>"; };
		C364C6C0252CC58400BB4060 /* CourseDetail.swift */ = {isa = PBXFileReference; lastKnownFileType = sourcecode.swift; path = CourseDetail.swift; sourceTree = "<group>"; };
		C364C6C2252CCFDE00BB4060 /* Data.swift */ = {isa = PBXFileReference; lastKnownFileType = sourcecode.swift; path = Data.swift; sourceTree = "<group>"; };
		C364C6C4252CD3AE00BB4060 /* PostList.swift */ = {isa = PBXFileReference; lastKnownFileType = sourcecode.swift; path = PostList.swift; sourceTree = "<group>"; };
		C3655CBC252A1630002FDA9B /* RingView.swift */ = {isa = PBXFileReference; lastKnownFileType = sourcecode.swift; path = RingView.swift; sourceTree = "<group>"; };
		C38B2B892524F7DC00A8C30D /* Sample-DesignCode.app */ = {isa = PBXFileReference; explicitFileType = wrapper.application; includeInIndex = 0; path = "Sample-DesignCode.app"; sourceTree = BUILT_PRODUCTS_DIR; };
		C38B2B8C2524F7DC00A8C30D /* AppDelegate.swift */ = {isa = PBXFileReference; lastKnownFileType = sourcecode.swift; path = AppDelegate.swift; sourceTree = "<group>"; };
		C38B2B8E2524F7DC00A8C30D /* SceneDelegate.swift */ = {isa = PBXFileReference; lastKnownFileType = sourcecode.swift; path = SceneDelegate.swift; sourceTree = "<group>"; };
		C38B2B902524F7DC00A8C30D /* ContentView.swift */ = {isa = PBXFileReference; lastKnownFileType = sourcecode.swift; path = ContentView.swift; sourceTree = "<group>"; };
		C38B2B922524F7E000A8C30D /* Assets.xcassets */ = {isa = PBXFileReference; lastKnownFileType = folder.assetcatalog; path = Assets.xcassets; sourceTree = "<group>"; };
		C38B2B952524F7E000A8C30D /* Preview Assets.xcassets */ = {isa = PBXFileReference; lastKnownFileType = folder.assetcatalog; path = "Preview Assets.xcassets"; sourceTree = "<group>"; };
		C38B2B982524F7E000A8C30D /* Base */ = {isa = PBXFileReference; lastKnownFileType = file.storyboard; name = Base; path = Base.lproj/LaunchScreen.storyboard; sourceTree = "<group>"; };
		C38B2B9A2524F7E000A8C30D /* Info.plist */ = {isa = PBXFileReference; lastKnownFileType = text.plist.xml; path = Info.plist; sourceTree = "<group>"; };
		C3AA6F54252CEF4B00FB7D7F /* DataStore.swift */ = {isa = PBXFileReference; lastKnownFileType = sourcecode.swift; path = DataStore.swift; sourceTree = "<group>"; };
/* End PBXFileReference section */

/* Begin PBXFrameworksBuildPhase section */
		C38B2B862524F7DC00A8C30D /* Frameworks */ = {
			isa = PBXFrameworksBuildPhase;
			buildActionMask = 2147483647;
			files = (
				C3EF25BB252E45F900BDFEE9 /* SDWebImageSwiftUI in Frameworks */,
				C34ECDB5252E11BD001AD1FD /* Contentful in Frameworks */,
			);
			runOnlyForDeploymentPostprocessing = 0;
		};
/* End PBXFrameworksBuildPhase section */

/* Begin PBXGroup section */
		C305099D252A36FD00803F94 /* Work_Sans */ = {
			isa = PBXGroup;
			children = (
				C305099E252A36FD00803F94 /* WorkSans-VariableFont_wght.ttf */,
				C305099F252A36FD00803F94 /* static */,
				C30509B2252A36FD00803F94 /* WorkSans-Italic-VariableFont_wght.ttf */,
				C30509B3252A36FD00803F94 /* OFL.txt */,
				C30509B4252A36FD00803F94 /* README.txt */,
			);
			path = Work_Sans;
			sourceTree = "<group>";
		};
		C305099F252A36FD00803F94 /* static */ = {
			isa = PBXGroup;
			children = (
				C30509A0252A36FD00803F94 /* WorkSans-Regular.ttf */,
				C30509A1252A36FD00803F94 /* WorkSans-Light.ttf */,
				C30509A2252A36FD00803F94 /* WorkSans-ExtraBold.ttf */,
				C30509A3252A36FD00803F94 /* WorkSans-SemiBoldItalic.ttf */,
				C30509A4252A36FD00803F94 /* WorkSans-MediumItalic.ttf */,
				C30509A5252A36FD00803F94 /* WorkSans-BoldItalic.ttf */,
				C30509A6252A36FD00803F94 /* WorkSans-ExtraLight.ttf */,
				C30509A7252A36FD00803F94 /* WorkSans-ThinItalic.ttf */,
				C30509A8252A36FD00803F94 /* WorkSans-ExtraLightItalic.ttf */,
				C30509A9252A36FD00803F94 /* WorkSans-Medium.ttf */,
				C30509AA252A36FD00803F94 /* WorkSans-SemiBold.ttf */,
				C30509AB252A36FD00803F94 /* WorkSans-Italic.ttf */,
				C30509AC252A36FD00803F94 /* WorkSans-BlackItalic.ttf */,
				C30509AD252A36FD00803F94 /* WorkSans-Thin.ttf */,
				C30509AE252A36FD00803F94 /* WorkSans-Black.ttf */,
				C30509AF252A36FD00803F94 /* WorkSans-LightItalic.ttf */,
				C30509B0252A36FD00803F94 /* WorkSans-ExtraBoldItalic.ttf */,
				C30509B1252A36FD00803F94 /* WorkSans-Bold.ttf */,
			);
			path = static;
			sourceTree = "<group>";
		};
		C38B2B802524F7DC00A8C30D = {
			isa = PBXGroup;
			children = (
				C38B2B8B2524F7DC00A8C30D /* Sample-DesignCode */,
				C38B2B8A2524F7DC00A8C30D /* Products */,
			);
			sourceTree = "<group>";
		};
		C38B2B8A2524F7DC00A8C30D /* Products */ = {
			isa = PBXGroup;
			children = (
				C38B2B892524F7DC00A8C30D /* Sample-DesignCode.app */,
			);
			name = Products;
			sourceTree = "<group>";
		};
		C38B2B8B2524F7DC00A8C30D /* Sample-DesignCode */ = {
			isa = PBXGroup;
			children = (
				C38B2B8C2524F7DC00A8C30D /* AppDelegate.swift */,
				C38B2B8E2524F7DC00A8C30D /* SceneDelegate.swift */,
				C38B2B902524F7DC00A8C30D /* ContentView.swift */,
				C3655CBC252A1630002FDA9B /* RingView.swift */,
				C305099B252A310100803F94 /* Modifiers.swift */,
				C3494F8A2527790F00E57721 /* Home.swift */,
				C3494F8C252787FA00E57721 /* HomeView.swift */,
				C3503F6125336EF200237906 /* LoginView.swift */,
				C3492C182530BE1100F4FCC8 /* BlurView.swift */,
				C30509CB252A4CC200803F94 /* CourseList.swift */,
				C364C6C0252CC58400BB4060 /* CourseDetail.swift */,
				C34ECDB6252E1656001AD1FD /* CourseStore.swift */,
				C364C6C2252CCFDE00BB4060 /* Data.swift */,
				C3AA6F54252CEF4B00FB7D7F /* DataStore.swift */,
				C364C6C4252CD3AE00BB4060 /* PostList.swift */,
				C3494F8E2527A1DA00E57721 /* UpdateList.swift */,
				C3494F902527AAB700E57721 /* UpdateDetail.swift */,
				C350ACE22528CCAA00C603CD /* UpdateStore.swift */,
				C350ACE42528DB6200C603CD /* TabBar.swift */,
				C343D3B0252650ED00AA4A17 /* MenuView.swift */,
				C354EA092532008600E0A3BC /* Buttons.swift */,
				C38B2B922524F7E000A8C30D /* Assets.xcassets */,
				C305099D252A36FD00803F94 /* Work_Sans */,
				C38B2B972524F7E000A8C30D /* LaunchScreen.storyboard */,
				C38B2B9A2524F7E000A8C30D /* Info.plist */,
				C38B2B942524F7E000A8C30D /* Preview Content */,
			);
			path = "Sample-DesignCode";
			sourceTree = "<group>";
		};
		C38B2B942524F7E000A8C30D /* Preview Content */ = {
			isa = PBXGroup;
			children = (
				C38B2B952524F7E000A8C30D /* Preview Assets.xcassets */,
			);
			path = "Preview Content";
			sourceTree = "<group>";
		};
/* End PBXGroup section */

/* Begin PBXNativeTarget section */
		C38B2B882524F7DC00A8C30D /* Sample-DesignCode */ = {
			isa = PBXNativeTarget;
			buildConfigurationList = C38B2B9D2524F7E000A8C30D /* Build configuration list for PBXNativeTarget "Sample-DesignCode" */;
			buildPhases = (
				C38B2B852524F7DC00A8C30D /* Sources */,
				C38B2B862524F7DC00A8C30D /* Frameworks */,
				C38B2B872524F7DC00A8C30D /* Resources */,
			);
			buildRules = (
			);
			dependencies = (
			);
			name = "Sample-DesignCode";
			packageProductDependencies = (
				C34ECDB4252E11BD001AD1FD /* Contentful */,
				C3EF25BA252E45F900BDFEE9 /* SDWebImageSwiftUI */,
			);
			productName = "Sample-DesignCode";
			productReference = C38B2B892524F7DC00A8C30D /* Sample-DesignCode.app */;
			productType = "com.apple.product-type.application";
		};
/* End PBXNativeTarget section */

/* Begin PBXProject section */
		C38B2B812524F7DC00A8C30D /* Project object */ = {
			isa = PBXProject;
			attributes = {
				LastSwiftUpdateCheck = 1170;
				LastUpgradeCheck = 1220;
				ORGANIZATIONNAME = "夏能啟";
				TargetAttributes = {
					C38B2B882524F7DC00A8C30D = {
						CreatedOnToolsVersion = 11.7;
					};
				};
			};
			buildConfigurationList = C38B2B842524F7DC00A8C30D /* Build configuration list for PBXProject "Sample-DesignCode" */;
			compatibilityVersion = "Xcode 9.3";
			developmentRegion = en;
			hasScannedForEncodings = 0;
			knownRegions = (
				en,
				Base,
			);
			mainGroup = C38B2B802524F7DC00A8C30D;
			packageReferences = (
				C34ECDB3252E11BD001AD1FD /* XCRemoteSwiftPackageReference "contentful.swift" */,
				C3EF25B9252E45F900BDFEE9 /* XCRemoteSwiftPackageReference "SDWebImageSwiftUI" */,
			);
			productRefGroup = C38B2B8A2524F7DC00A8C30D /* Products */;
			projectDirPath = "";
			projectRoot = "";
			targets = (
				C38B2B882524F7DC00A8C30D /* Sample-DesignCode */,
			);
		};
/* End PBXProject section */

/* Begin PBXResourcesBuildPhase section */
		C38B2B872524F7DC00A8C30D /* Resources */ = {
			isa = PBXResourcesBuildPhase;
			buildActionMask = 2147483647;
			files = (
				C30509C0252A36FD00803F94 /* WorkSans-SemiBold.ttf in Resources */,
				C38B2B992524F7E000A8C30D /* LaunchScreen.storyboard in Resources */,
				C30509C4252A36FD00803F94 /* WorkSans-Black.ttf in Resources */,
				C30509BA252A36FD00803F94 /* WorkSans-MediumItalic.ttf in Resources */,
				C30509C3252A36FD00803F94 /* WorkSans-Thin.ttf in Resources */,
				C30509B9252A36FD00803F94 /* WorkSans-SemiBoldItalic.ttf in Resources */,
				C30509C9252A36FD00803F94 /* OFL.txt in Resources */,
				C30509BB252A36FD00803F94 /* WorkSans-BoldItalic.ttf in Resources */,
				C30509C7252A36FD00803F94 /* WorkSans-Bold.ttf in Resources */,
				C30509B7252A36FD00803F94 /* WorkSans-Light.ttf in Resources */,
				C30509C2252A36FD00803F94 /* WorkSans-BlackItalic.ttf in Resources */,
				C30509C6252A36FD00803F94 /* WorkSans-ExtraBoldItalic.ttf in Resources */,
				C30509BF252A36FD00803F94 /* WorkSans-Medium.ttf in Resources */,
				C30509BD252A36FD00803F94 /* WorkSans-ThinItalic.ttf in Resources */,
				C30509CA252A36FD00803F94 /* README.txt in Resources */,
				C30509BC252A36FD00803F94 /* WorkSans-ExtraLight.ttf in Resources */,
				C30509B8252A36FD00803F94 /* WorkSans-ExtraBold.ttf in Resources */,
				C30509C1252A36FD00803F94 /* WorkSans-Italic.ttf in Resources */,
				C30509C8252A36FD00803F94 /* WorkSans-Italic-VariableFont_wght.ttf in Resources */,
				C30509B5252A36FD00803F94 /* WorkSans-VariableFont_wght.ttf in Resources */,
				C30509BE252A36FD00803F94 /* WorkSans-ExtraLightItalic.ttf in Resources */,
				C38B2B962524F7E000A8C30D /* Preview Assets.xcassets in Resources */,
				C38B2B932524F7E000A8C30D /* Assets.xcassets in Resources */,
				C30509B6252A36FD00803F94 /* WorkSans-Regular.ttf in Resources */,
				C30509C5252A36FD00803F94 /* WorkSans-LightItalic.ttf in Resources */,
			);
			runOnlyForDeploymentPostprocessing = 0;
		};
/* End PBXResourcesBuildPhase section */

/* Begin PBXSourcesBuildPhase section */
		C38B2B852524F7DC00A8C30D /* Sources */ = {
			isa = PBXSourcesBuildPhase;
			buildActionMask = 2147483647;
			files = (
				C34ECDB7252E1656001AD1FD /* CourseStore.swift in Sources */,
				C38B2B8D2524F7DC00A8C30D /* AppDelegate.swift in Sources */,
				C364C6C3252CCFDE00BB4060 /* Data.swift in Sources */,
				C3AA6F55252CEF4B00FB7D7F /* DataStore.swift in Sources */,
				C350ACE32528CCAA00C603CD /* UpdateStore.swift in Sources */,
				C3494F8F2527A1DA00E57721 /* UpdateList.swift in Sources */,
				C343D3B1252650EE00AA4A17 /* MenuView.swift in Sources */,
				C305099C252A310100803F94 /* Modifiers.swift in Sources */,
				C3494F912527AAB700E57721 /* UpdateDetail.swift in Sources */,
				C3655CBD252A1630002FDA9B /* RingView.swift in Sources */,
				C3494F8B2527790F00E57721 /* Home.swift in Sources */,
				C3494F8D252787FA00E57721 /* HomeView.swift in Sources */,
				C38B2B8F2524F7DC00A8C30D /* SceneDelegate.swift in Sources */,
				C38B2B912524F7DC00A8C30D /* ContentView.swift in Sources */,
				C364C6C1252CC58500BB4060 /* CourseDetail.swift in Sources */,
				C3503F6225336EF200237906 /* LoginView.swift in Sources */,
				C354EA0A2532008700E0A3BC /* Buttons.swift in Sources */,
				C350ACE52528DB6200C603CD /* TabBar.swift in Sources */,
				C30509CC252A4CC200803F94 /* CourseList.swift in Sources */,
				C364C6C5252CD3AE00BB4060 /* PostList.swift in Sources */,
				C3492C192530BE1100F4FCC8 /* BlurView.swift in Sources */,
			);
			runOnlyForDeploymentPostprocessing = 0;
		};
/* End PBXSourcesBuildPhase section */

/* Begin PBXVariantGroup section */
		C38B2B972524F7E000A8C30D /* LaunchScreen.storyboard */ = {
			isa = PBXVariantGroup;
			children = (
				C38B2B982524F7E000A8C30D /* Base */,
			);
			name = LaunchScreen.storyboard;
			sourceTree = "<group>";
		};
/* End PBXVariantGroup section */

/* Begin XCBuildConfiguration section */
		C38B2B9B2524F7E000A8C30D /* Debug */ = {
			isa = XCBuildConfiguration;
			buildSettings = {
				ALWAYS_SEARCH_USER_PATHS = NO;
				CLANG_ANALYZER_NONNULL = YES;
				CLANG_ANALYZER_NUMBER_OBJECT_CONVERSION = YES_AGGRESSIVE;
				CLANG_CXX_LANGUAGE_STANDARD = "gnu++14";
				CLANG_CXX_LIBRARY = "libc++";
				CLANG_ENABLE_MODULES = YES;
				CLANG_ENABLE_OBJC_ARC = YES;
				CLANG_ENABLE_OBJC_WEAK = YES;
				CLANG_WARN_BLOCK_CAPTURE_AUTORELEASING = YES;
				CLANG_WARN_BOOL_CONVERSION = YES;
				CLANG_WARN_COMMA = YES;
				CLANG_WARN_CONSTANT_CONVERSION = YES;
				CLANG_WARN_DEPRECATED_OBJC_IMPLEMENTATIONS = YES;
				CLANG_WARN_DIRECT_OBJC_ISA_USAGE = YES_ERROR;
				CLANG_WARN_DOCUMENTATION_COMMENTS = YES;
				CLANG_WARN_EMPTY_BODY = YES;
				CLANG_WARN_ENUM_CONVERSION = YES;
				CLANG_WARN_INFINITE_RECURSION = YES;
				CLANG_WARN_INT_CONVERSION = YES;
				CLANG_WARN_NON_LITERAL_NULL_CONVERSION = YES;
				CLANG_WARN_OBJC_IMPLICIT_RETAIN_SELF = YES;
				CLANG_WARN_OBJC_LITERAL_CONVERSION = YES;
				CLANG_WARN_OBJC_ROOT_CLASS = YES_ERROR;
				CLANG_WARN_QUOTED_INCLUDE_IN_FRAMEWORK_HEADER = YES;
				CLANG_WARN_RANGE_LOOP_ANALYSIS = YES;
				CLANG_WARN_STRICT_PROTOTYPES = YES;
				CLANG_WARN_SUSPICIOUS_MOVE = YES;
				CLANG_WARN_UNGUARDED_AVAILABILITY = YES_AGGRESSIVE;
				CLANG_WARN_UNREACHABLE_CODE = YES;
				CLANG_WARN__DUPLICATE_METHOD_MATCH = YES;
				COPY_PHASE_STRIP = NO;
				DEBUG_INFORMATION_FORMAT = dwarf;
				ENABLE_STRICT_OBJC_MSGSEND = YES;
				ENABLE_TESTABILITY = YES;
				GCC_C_LANGUAGE_STANDARD = gnu11;
				GCC_DYNAMIC_NO_PIC = NO;
				GCC_NO_COMMON_BLOCKS = YES;
				GCC_OPTIMIZATION_LEVEL = 0;
				GCC_PREPROCESSOR_DEFINITIONS = (
					"DEBUG=1",
					"$(inherited)",
				);
				GCC_WARN_64_TO_32_BIT_CONVERSION = YES;
				GCC_WARN_ABOUT_RETURN_TYPE = YES_ERROR;
				GCC_WARN_UNDECLARED_SELECTOR = YES;
				GCC_WARN_UNINITIALIZED_AUTOS = YES_AGGRESSIVE;
				GCC_WARN_UNUSED_FUNCTION = YES;
				GCC_WARN_UNUSED_VARIABLE = YES;
				IPHONEOS_DEPLOYMENT_TARGET = 13.7;
				MTL_ENABLE_DEBUG_INFO = INCLUDE_SOURCE;
				MTL_FAST_MATH = YES;
				ONLY_ACTIVE_ARCH = YES;
				SDKROOT = iphoneos;
				SWIFT_ACTIVE_COMPILATION_CONDITIONS = DEBUG;
				SWIFT_OPTIMIZATION_LEVEL = "-Onone";
			};
			name = Debug;
		};
		C38B2B9C2524F7E000A8C30D /* Release */ = {
			isa = XCBuildConfiguration;
			buildSettings = {
				ALWAYS_SEARCH_USER_PATHS = NO;
				CLANG_ANALYZER_NONNULL = YES;
				CLANG_ANALYZER_NUMBER_OBJECT_CONVERSION = YES_AGGRESSIVE;
				CLANG_CXX_LANGUAGE_STANDARD = "gnu++14";
				CLANG_CXX_LIBRARY = "libc++";
				CLANG_ENABLE_MODULES = YES;
				CLANG_ENABLE_OBJC_ARC = YES;
				CLANG_ENABLE_OBJC_WEAK = YES;
				CLANG_WARN_BLOCK_CAPTURE_AUTORELEASING = YES;
				CLANG_WARN_BOOL_CONVERSION = YES;
				CLANG_WARN_COMMA = YES;
				CLANG_WARN_CONSTANT_CONVERSION = YES;
				CLANG_WARN_DEPRECATED_OBJC_IMPLEMENTATIONS = YES;
				CLANG_WARN_DIRECT_OBJC_ISA_USAGE = YES_ERROR;
				CLANG_WARN_DOCUMENTATION_COMMENTS = YES;
				CLANG_WARN_EMPTY_BODY = YES;
				CLANG_WARN_ENUM_CONVERSION = YES;
				CLANG_WARN_INFINITE_RECURSION = YES;
				CLANG_WARN_INT_CONVERSION = YES;
				CLANG_WARN_NON_LITERAL_NULL_CONVERSION = YES;
				CLANG_WARN_OBJC_IMPLICIT_RETAIN_SELF = YES;
				CLANG_WARN_OBJC_LITERAL_CONVERSION = YES;
				CLANG_WARN_OBJC_ROOT_CLASS = YES_ERROR;
				CLANG_WARN_QUOTED_INCLUDE_IN_FRAMEWORK_HEADER = YES;
				CLANG_WARN_RANGE_LOOP_ANALYSIS = YES;
				CLANG_WARN_STRICT_PROTOTYPES = YES;
				CLANG_WARN_SUSPICIOUS_MOVE = YES;
				CLANG_WARN_UNGUARDED_AVAILABILITY = YES_AGGRESSIVE;
				CLANG_WARN_UNREACHABLE_CODE = YES;
				CLANG_WARN__DUPLICATE_METHOD_MATCH = YES;
				COPY_PHASE_STRIP = NO;
				DEBUG_INFORMATION_FORMAT = "dwarf-with-dsym";
				ENABLE_NS_ASSERTIONS = NO;
				ENABLE_STRICT_OBJC_MSGSEND = YES;
				GCC_C_LANGUAGE_STANDARD = gnu11;
				GCC_NO_COMMON_BLOCKS = YES;
				GCC_WARN_64_TO_32_BIT_CONVERSION = YES;
				GCC_WARN_ABOUT_RETURN_TYPE = YES_ERROR;
				GCC_WARN_UNDECLARED_SELECTOR = YES;
				GCC_WARN_UNINITIALIZED_AUTOS = YES_AGGRESSIVE;
				GCC_WARN_UNUSED_FUNCTION = YES;
				GCC_WARN_UNUSED_VARIABLE = YES;
				IPHONEOS_DEPLOYMENT_TARGET = 13.7;
				MTL_ENABLE_DEBUG_INFO = NO;
				MTL_FAST_MATH = YES;
				SDKROOT = iphoneos;
				SWIFT_COMPILATION_MODE = wholemodule;
				SWIFT_OPTIMIZATION_LEVEL = "-O";
				VALIDATE_PRODUCT = YES;
			};
			name = Release;
		};
		C38B2B9E2524F7E000A8C30D /* Debug */ = {
			isa = XCBuildConfiguration;
			buildSettings = {
				ASSETCATALOG_COMPILER_APPICON_NAME = AppIcon;
				CODE_SIGN_IDENTITY = "Apple Development";
				CODE_SIGN_STYLE = Automatic;
				DEVELOPMENT_ASSET_PATHS = "\"Sample-DesignCode/Preview Content\"";
				DEVELOPMENT_TEAM = ZD8RCDB2Y6;
				ENABLE_PREVIEWS = YES;
				INFOPLIST_FILE = "Sample-DesignCode/Info.plist";
				LD_RUNPATH_SEARCH_PATHS = (
					"$(inherited)",
					"@executable_path/Frameworks",
				);
				ONLY_ACTIVE_ARCH = YES;
				PRODUCT_BUNDLE_IDENTIFIER = "Sample-DesignCode";
				PRODUCT_NAME = "$(TARGET_NAME)";
				PROVISIONING_PROFILE_SPECIFIER = "";
				SWIFT_VERSION = 5.0;
				TARGETED_DEVICE_FAMILY = "1,2";
			};
			name = Debug;
		};
		C38B2B9F2524F7E000A8C30D /* Release */ = {
			isa = XCBuildConfiguration;
			buildSettings = {
				ASSETCATALOG_COMPILER_APPICON_NAME = AppIcon;
				CODE_SIGN_IDENTITY = "Apple Development";
				CODE_SIGN_STYLE = Automatic;
				DEVELOPMENT_ASSET_PATHS = "\"Sample-DesignCode/Preview Content\"";
				DEVELOPMENT_TEAM = ZD8RCDB2Y6;
				ENABLE_PREVIEWS = YES;
				INFOPLIST_FILE = "Sample-DesignCode/Info.plist";
				LD_RUNPATH_SEARCH_PATHS = (
					"$(inherited)",
					"@executable_path/Frameworks",
				);
				ONLY_ACTIVE_ARCH = YES;
				PRODUCT_BUNDLE_IDENTIFIER = "Sample-DesignCode";
				PRODUCT_NAME = "$(TARGET_NAME)";
				PROVISIONING_PROFILE_SPECIFIER = "";
				SWIFT_VERSION = 5.0;
				TARGETED_DEVICE_FAMILY = "1,2";
			};
			name = Release;
		};
/* End XCBuildConfiguration section */

/* Begin XCConfigurationList section */
		C38B2B842524F7DC00A8C30D /* Build configuration list for PBXProject "Sample-DesignCode" */ = {
			isa = XCConfigurationList;
			buildConfigurations = (
				C38B2B9B2524F7E000A8C30D /* Debug */,
				C38B2B9C2524F7E000A8C30D /* Release */,
			);
			defaultConfigurationIsVisible = 0;
			defaultConfigurationName = Release;
		};
		C38B2B9D2524F7E000A8C30D /* Build configuration list for PBXNativeTarget "Sample-DesignCode" */ = {
			isa = XCConfigurationList;
			buildConfigurations = (
				C38B2B9E2524F7E000A8C30D /* Debug */,
				C38B2B9F2524F7E000A8C30D /* Release */,
			);
			defaultConfigurationIsVisible = 0;
			defaultConfigurationName = Release;
		};
/* End XCConfigurationList section */

/* Begin XCRemoteSwiftPackageReference section */
		C34ECDB3252E11BD001AD1FD /* XCRemoteSwiftPackageReference "contentful.swift" */ = {
			isa = XCRemoteSwiftPackageReference;
			repositoryURL = "https://github.com/contentful/contentful.swift.git";
			requirement = {
				kind = upToNextMajorVersion;
				minimumVersion = 5.3.0;
			};
		};
		C3EF25B9252E45F900BDFEE9 /* XCRemoteSwiftPackageReference "SDWebImageSwiftUI" */ = {
			isa = XCRemoteSwiftPackageReference;
			repositoryURL = "https://github.com/SDWebImage/SDWebImageSwiftUI.git";
			requirement = {
				kind = upToNextMajorVersion;
				minimumVersion = 1.5.0;
			};
		};
/* End XCRemoteSwiftPackageReference section */

/* Begin XCSwiftPackageProductDependency section */
		C34ECDB4252E11BD001AD1FD /* Contentful */ = {
			isa = XCSwiftPackageProductDependency;
			package = C34ECDB3252E11BD001AD1FD /* XCRemoteSwiftPackageReference "contentful.swift" */;
			productName = Contentful;
		};
		C3EF25BA252E45F900BDFEE9 /* SDWebImageSwiftUI */ = {
			isa = XCSwiftPackageProductDependency;
			package = C3EF25B9252E45F900BDFEE9 /* XCRemoteSwiftPackageReference "SDWebImageSwiftUI" */;
			productName = SDWebImageSwiftUI;
		};
/* End XCSwiftPackageProductDependency section */
	};
	rootObject = C38B2B812524F7DC00A8C30D /* Project object */;
}
